
Microsoft Visual Studio Solution File, Format Version 12.00
# Visual Studio Version 16
VisualStudioVersion = 16.0.31313.79
MinimumVisualStudioVersion = 10.0.40219.1
Project("{FAE04EC0-301F-11D3-BF4B-00C04F79EFBC}") = "ConsoleApp2", "ConsoleApp2\ConsoleApp2.csproj", "{7EB10040-897A-4CA0-B701-8DDD2B975009}"
EndProject
Global
	GlobalSection(SolutionConfigurationPlatforms) = preSolution
		Debug|Any CPU = Debug|Any CPU
		Release|Any CPU = Release|Any CPU
	EndGlobalSection
	GlobalSection(ProjectConfigurationPlatforms) = postSolution
		{7EB10040-897A-4CA0-B701-8DDD2B975009}.Debug|Any CPU.ActiveCfg = Debug|Any CPU
		{7EB10040-897A-4CA0-B701-8DDD2B975009}.Debug|Any CPU.Build.0 = Debug|Any CPU
		{7EB10040-897A-4CA0-B701-8DDD2B975009}.Release|Any CPU.ActiveCfg = Release|Any CPU
		{7EB10040-897A-4CA0-B701-8DDD2B975009}.Release|Any CPU.Build.0 = Release|Any CPU
	EndGlobalSection
	GlobalSection(SolutionProperties) = preSolution
		HideSolutionNode = FALSE
	EndGlobalSection
	GlobalSection(ExtensibilityGlobals) = postSolution
		SolutionGuid = {3C5BA20C-3101-42A0-BD1F-BD4C5CDB83F9}
	EndGlobalSection
EndGlobal
